
Microsoft Visual Studio Solution File, Format Version 12.00
# Visual Studio 15
VisualStudioVersion = 15.0.28307.421
MinimumVisualStudioVersion = 10.0.40219.1
Project("{FAE04EC0-301F-11D3-BF4B-00C04F79EFBC}") = "HrApi", "HrApi\HrApi.csproj", "{23E3BAEA-38D3-45F7-9732-24333F1DBABE}"
EndProject
Project("{FAE04EC0-301F-11D3-BF4B-00C04F79EFBC}") = "App", "App\App.csproj", "{8334D212-4888-4FC5-BD39-BB98B7A7FE39}"
EndProject
Project("{FAE04EC0-301F-11D3-BF4B-00C04F79EFBC}") = "Models", "Models\Models.csproj", "{C189734E-AA28-4B8A-A028-DAE2366B103F}"
EndProject
Global
	GlobalSection(SolutionConfigurationPlatforms) = preSolution
		Debug|Any CPU = Debug|Any CPU
		Release|Any CPU = Release|Any CPU
	EndGlobalSection
	GlobalSection(ProjectConfigurationPlatforms) = postSolution
		{23E3BAEA-38D3-45F7-9732-24333F1DBABE}.Debug|Any CPU.ActiveCfg = Debug|Any CPU
		{23E3BAEA-38D3-45F7-9732-24333F1DBABE}.Debug|Any CPU.Build.0 = Debug|Any CPU
		{23E3BAEA-38D3-45F7-9732-24333F1DBABE}.Release|Any CPU.ActiveCfg = Release|Any CPU
		{23E3BAEA-38D3-45F7-9732-24333F1DBABE}.Release|Any CPU.Build.0 = Release|Any CPU
		{8334D212-4888-4FC5-BD39-BB98B7A7FE39}.Debug|Any CPU.ActiveCfg = Debug|Any CPU
		{8334D212-4888-4FC5-BD39-BB98B7A7FE39}.Debug|Any CPU.Build.0 = Debug|Any CPU
		{8334D212-4888-4FC5-BD39-BB98B7A7FE39}.Release|Any CPU.ActiveCfg = Release|Any CPU
		{8334D212-4888-4FC5-BD39-BB98B7A7FE39}.Release|Any CPU.Build.0 = Release|Any CPU
		{C189734E-AA28-4B8A-A028-DAE2366B103F}.Debug|Any CPU.ActiveCfg = Debug|Any CPU
		{C189734E-AA28-4B8A-A028-DAE2366B103F}.Debug|Any CPU.Build.0 = Debug|Any CPU
		{C189734E-AA28-4B8A-A028-DAE2366B103F}.Release|Any CPU.ActiveCfg = Release|Any CPU
		{C189734E-AA28-4B8A-A028-DAE2366B103F}.Release|Any CPU.Build.0 = Release|Any CPU
	EndGlobalSection
	GlobalSection(SolutionProperties) = preSolution
		HideSolutionNode = FALSE
	EndGlobalSection
	GlobalSection(ExtensibilityGlobals) = postSolution
		SolutionGuid = {A1465133-999A-4102-A80C-C9CD9449561A}
	EndGlobalSection
EndGlobal
